// !$*UTF8*$!
{
	archiveVersion = 1;
	classes = {
	};
	objectVersion = 46;
	objects = {

/* Begin PBXBuildFile section */
		9502D7EE1CAB31A000F3ED3E /* ep_splash.png in Resources */ = {isa = PBXBuildFile; fileRef = 9502D7ED1CAB31A000F3ED3E /* ep_splash.png */; };
		9503B9821CA04B9100585081 /* info1-01.png in Resources */ = {isa = PBXBuildFile; fileRef = 9503B9811CA04B9100585081 /* info1-01.png */; };
		9503B9841CA04B9B00585081 /* info2-01.png in Resources */ = {isa = PBXBuildFile; fileRef = 9503B9831CA04B9B00585081 /* info2-01.png */; };
		9503B9881CA094DC00585081 /* HomePageController.swift in Sources */ = {isa = PBXBuildFile; fileRef = 9503B9871CA094DC00585081 /* HomePageController.swift */; };
		9503B98A1CA09C5A00585081 /* HomeViewController.swift in Sources */ = {isa = PBXBuildFile; fileRef = 9503B9891CA09C5A00585081 /* HomeViewController.swift */; };
		9503B9981CA434B200585081 /* splitButtonImage-01.png in Resources */ = {isa = PBXBuildFile; fileRef = 9503B9971CA434B200585081 /* splitButtonImage-01.png */; };
		9503B99A1CA434BD00585081 /* loadButtonImage-01.png in Resources */ = {isa = PBXBuildFile; fileRef = 9503B9991CA434BD00585081 /* loadButtonImage-01.png */; };
		9503B99C1CA434C200585081 /* splitButtonImage.png in Resources */ = {isa = PBXBuildFile; fileRef = 9503B99B1CA434C200585081 /* splitButtonImage.png */; };
		9503B99E1CA434F600585081 /* startButtonImage-01.png in Resources */ = {isa = PBXBuildFile; fileRef = 9503B99D1CA434F600585081 /* startButtonImage-01.png */; };
		9503B9A01CA4376200585081 /* options-header.png in Resources */ = {isa = PBXBuildFile; fileRef = 9503B99F1CA4376200585081 /* options-header.png */; };
		9503B9A21CA437C000585081 /* options_header-01.png in Resources */ = {isa = PBXBuildFile; fileRef = 9503B9A11CA437C000585081 /* options_header-01.png */; };
		9503B9A61CA4770300585081 /* playButtonImage-01.png in Resources */ = {isa = PBXBuildFile; fileRef = 9503B9A51CA4770300585081 /* playButtonImage-01.png */; };
		9503B9A81CA591A600585081 /* ModalViewController.swift in Sources */ = {isa = PBXBuildFile; fileRef = 9503B9A71CA591A600585081 /* ModalViewController.swift */; };
		9503B9AA1CA5976F00585081 /* DimBackground.swift in Sources */ = {isa = PBXBuildFile; fileRef = 9503B9A91CA5976F00585081 /* DimBackground.swift */; };
		955793211C6AA5AB00F7B7AA /* AppDelegate.swift in Sources */ = {isa = PBXBuildFile; fileRef = 955793201C6AA5AB00F7B7AA /* AppDelegate.swift */; };
		955793231C6AA5AB00F7B7AA /* FirstViewController.swift in Sources */ = {isa = PBXBuildFile; fileRef = 955793221C6AA5AB00F7B7AA /* FirstViewController.swift */; };
		955793251C6AA5AB00F7B7AA /* SecondViewController.swift in Sources */ = {isa = PBXBuildFile; fileRef = 955793241C6AA5AB00F7B7AA /* SecondViewController.swift */; };
		955793281C6AA5AB00F7B7AA /* Main.storyboard in Resources */ = {isa = PBXBuildFile; fileRef = 955793261C6AA5AB00F7B7AA /* Main.storyboard */; };
		9557932A1C6AA5AB00F7B7AA /* Assets.xcassets in Resources */ = {isa = PBXBuildFile; fileRef = 955793291C6AA5AB00F7B7AA /* Assets.xcassets */; };
		9557932D1C6AA5AB00F7B7AA /* LaunchScreen.storyboard in Resources */ = {isa = PBXBuildFile; fileRef = 9557932B1C6AA5AB00F7B7AA /* LaunchScreen.storyboard */; };
		955793381C6AA5AB00F7B7AA /* EvolveSwiftTests.swift in Sources */ = {isa = PBXBuildFile; fileRef = 955793371C6AA5AB00F7B7AA /* EvolveSwiftTests.swift */; };
		955793431C6AA5AB00F7B7AA /* EvolveSwiftUITests.swift in Sources */ = {isa = PBXBuildFile; fileRef = 955793421C6AA5AB00F7B7AA /* EvolveSwiftUITests.swift */; };
		955793531C6BC2B400F7B7AA /* evolve2.tif in Resources */ = {isa = PBXBuildFile; fileRef = 955793521C6BC2B400F7B7AA /* evolve2.tif */; };
		955793561C6BC62900F7B7AA /* newPSU.png in Resources */ = {isa = PBXBuildFile; fileRef = 955793551C6BC62900F7B7AA /* newPSU.png */; };
		9557935E1C6CE0B200F7B7AA /* loadImage4-01.png in Resources */ = {isa = PBXBuildFile; fileRef = 9557935D1C6CE0B200F7B7AA /* loadImage4-01.png */; };
		955793621C72218300F7B7AA /* loadImage_EV-01.png in Resources */ = {isa = PBXBuildFile; fileRef = 955793611C72218300F7B7AA /* loadImage_EV-01.png */; };
		955793641C96308000F7B7AA /* dna_logo.png in Resources */ = {isa = PBXBuildFile; fileRef = 955793631C96308000F7B7AA /* dna_logo.png */; };
/* End PBXBuildFile section */

/* Begin PBXContainerItemProxy section */
		955793341C6AA5AB00F7B7AA /* PBXContainerItemProxy */ = {
			isa = PBXContainerItemProxy;
			containerPortal = 955793151C6AA5AB00F7B7AA /* Project object */;
			proxyType = 1;
			remoteGlobalIDString = 9557931C1C6AA5AB00F7B7AA;
			remoteInfo = EvolveSwift;
		};
		9557933F1C6AA5AB00F7B7AA /* PBXContainerItemProxy */ = {
			isa = PBXContainerItemProxy;
			containerPortal = 955793151C6AA5AB00F7B7AA /* Project object */;
			proxyType = 1;
			remoteGlobalIDString = 9557931C1C6AA5AB00F7B7AA;
			remoteInfo = EvolveSwift;
		};
/* End PBXContainerItemProxy section */

/* Begin PBXFileReference section */
		9502D7ED1CAB31A000F3ED3E /* ep_splash.png */ = {isa = PBXFileReference; lastKnownFileType = image.png; path = ep_splash.png; sourceTree = "<group>"; };
		9503B9811CA04B9100585081 /* info1-01.png */ = {isa = PBXFileReference; lastKnownFileType = image.png; path = "info1-01.png"; sourceTree = "<group>"; };
		9503B9831CA04B9B00585081 /* info2-01.png */ = {isa = PBXFileReference; lastKnownFileType = image.png; path = "info2-01.png"; sourceTree = "<group>"; };
		9503B9871CA094DC00585081 /* HomePageController.swift */ = {isa = PBXFileReference; fileEncoding = 4; lastKnownFileType = sourcecode.swift; path = HomePageController.swift; sourceTree = "<group>"; };
		9503B9891CA09C5A00585081 /* HomeViewController.swift */ = {isa = PBXFileReference; fileEncoding = 4; lastKnownFileType = sourcecode.swift; path = HomeViewController.swift; sourceTree = "<group>"; };
		9503B9971CA434B200585081 /* splitButtonImage-01.png */ = {isa = PBXFileReference; lastKnownFileType = image.png; path = "splitButtonImage-01.png"; sourceTree = "<group>"; };
		9503B9991CA434BD00585081 /* loadButtonImage-01.png */ = {isa = PBXFileReference; lastKnownFileType = image.png; path = "loadButtonImage-01.png"; sourceTree = "<group>"; };
		9503B99B1CA434C200585081 /* splitButtonImage.png */ = {isa = PBXFileReference; lastKnownFileType = image.png; path = splitButtonImage.png; sourceTree = "<group>"; };
		9503B99D1CA434F600585081 /* startButtonImage-01.png */ = {isa = PBXFileReference; lastKnownFileType = image.png; path = "startButtonImage-01.png"; sourceTree = "<group>"; };
		9503B99F1CA4376200585081 /* options-header.png */ = {isa = PBXFileReference; lastKnownFileType = image.png; path = "options-header.png"; sourceTree = "<group>"; };
		9503B9A11CA437C000585081 /* options_header-01.png */ = {isa = PBXFileReference; lastKnownFileType = image.png; path = "options_header-01.png"; sourceTree = "<group>"; };
		9503B9A51CA4770300585081 /* playButtonImage-01.png */ = {isa = PBXFileReference; lastKnownFileType = image.png; path = "playButtonImage-01.png"; sourceTree = "<group>"; };
		9503B9A71CA591A600585081 /* ModalViewController.swift */ = {isa = PBXFileReference; fileEncoding = 4; lastKnownFileType = sourcecode.swift; path = ModalViewController.swift; sourceTree = "<group>"; };
		9503B9A91CA5976F00585081 /* DimBackground.swift */ = {isa = PBXFileReference; fileEncoding = 4; lastKnownFileType = sourcecode.swift; path = DimBackground.swift; sourceTree = "<group>"; };
		9509E2AB1E60D0FD00CA941C /* EvolveSwift.entitlements */ = {isa = PBXFileReference; lastKnownFileType = text.plist.entitlements; path = EvolveSwift.entitlements; sourceTree = "<group>"; };
		9557931D1C6AA5AB00F7B7AA /* EvolveSwift.app */ = {isa = PBXFileReference; explicitFileType = wrapper.application; includeInIndex = 0; path = EvolveSwift.app; sourceTree = BUILT_PRODUCTS_DIR; };
		955793201C6AA5AB00F7B7AA /* AppDelegate.swift */ = {isa = PBXFileReference; lastKnownFileType = sourcecode.swift; path = AppDelegate.swift; sourceTree = "<group>"; };
		955793221C6AA5AB00F7B7AA /* FirstViewController.swift */ = {isa = PBXFileReference; lastKnownFileType = sourcecode.swift; path = FirstViewController.swift; sourceTree = "<group>"; };
		955793241C6AA5AB00F7B7AA /* SecondViewController.swift */ = {isa = PBXFileReference; lastKnownFileType = sourcecode.swift; path = SecondViewController.swift; sourceTree = "<group>"; };
		955793271C6AA5AB00F7B7AA /* Base */ = {isa = PBXFileReference; lastKnownFileType = file.storyboard; name = Base; path = Base.lproj/Main.storyboard; sourceTree = "<group>"; };
		955793291C6AA5AB00F7B7AA /* Assets.xcassets */ = {isa = PBXFileReference; lastKnownFileType = folder.assetcatalog; path = Assets.xcassets; sourceTree = "<group>"; };
		9557932C1C6AA5AB00F7B7AA /* Base */ = {isa = PBXFileReference; lastKnownFileType = file.storyboard; name = Base; path = Base.lproj/LaunchScreen.storyboard; sourceTree = "<group>"; };
		9557932E1C6AA5AB00F7B7AA /* Info.plist */ = {isa = PBXFileReference; lastKnownFileType = text.plist.xml; path = Info.plist; sourceTree = "<group>"; };
		955793331C6AA5AB00F7B7AA /* EvolveSwiftTests.xctest */ = {isa = PBXFileReference; explicitFileType = wrapper.cfbundle; includeInIndex = 0; path = EvolveSwiftTests.xctest; sourceTree = BUILT_PRODUCTS_DIR; };
		955793371C6AA5AB00F7B7AA /* EvolveSwiftTests.swift */ = {isa = PBXFileReference; lastKnownFileType = sourcecode.swift; path = EvolveSwiftTests.swift; sourceTree = "<group>"; };
		955793391C6AA5AB00F7B7AA /* Info.plist */ = {isa = PBXFileReference; lastKnownFileType = text.plist.xml; path = Info.plist; sourceTree = "<group>"; };
		9557933E1C6AA5AB00F7B7AA /* EvolveSwiftUITests.xctest */ = {isa = PBXFileReference; explicitFileType = wrapper.cfbundle; includeInIndex = 0; path = EvolveSwiftUITests.xctest; sourceTree = BUILT_PRODUCTS_DIR; };
		955793421C6AA5AB00F7B7AA /* EvolveSwiftUITests.swift */ = {isa = PBXFileReference; lastKnownFileType = sourcecode.swift; path = EvolveSwiftUITests.swift; sourceTree = "<group>"; };
		955793441C6AA5AB00F7B7AA /* Info.plist */ = {isa = PBXFileReference; lastKnownFileType = text.plist.xml; path = Info.plist; sourceTree = "<group>"; };
		955793521C6BC2B400F7B7AA /* evolve2.tif */ = {isa = PBXFileReference; lastKnownFileType = image.tiff; path = evolve2.tif; sourceTree = "<group>"; };
		955793551C6BC62900F7B7AA /* newPSU.png */ = {isa = PBXFileReference; lastKnownFileType = image.png; path = newPSU.png; sourceTree = "<group>"; };
		9557935D1C6CE0B200F7B7AA /* loadImage4-01.png */ = {isa = PBXFileReference; lastKnownFileType = image.png; path = "loadImage4-01.png"; sourceTree = "<group>"; };
		955793611C72218300F7B7AA /* loadImage_EV-01.png */ = {isa = PBXFileReference; lastKnownFileType = image.png; path = "loadImage_EV-01.png"; sourceTree = "<group>"; };
		955793631C96308000F7B7AA /* dna_logo.png */ = {isa = PBXFileReference; lastKnownFileType = image.png; path = dna_logo.png; sourceTree = "<group>"; };
/* End PBXFileReference section */

/* Begin PBXFrameworksBuildPhase section */
		9557931A1C6AA5AB00F7B7AA /* Frameworks */ = {
			isa = PBXFrameworksBuildPhase;
			buildActionMask = 2147483647;
			files = (
			);
			runOnlyForDeploymentPostprocessing = 0;
		};
		955793301C6AA5AB00F7B7AA /* Frameworks */ = {
			isa = PBXFrameworksBuildPhase;
			buildActionMask = 2147483647;
			files = (
			);
			runOnlyForDeploymentPostprocessing = 0;
		};
		9557933B1C6AA5AB00F7B7AA /* Frameworks */ = {
			isa = PBXFrameworksBuildPhase;
			buildActionMask = 2147483647;
			files = (
			);
			runOnlyForDeploymentPostprocessing = 0;
		};
/* End PBXFrameworksBuildPhase section */

/* Begin PBXGroup section */
		955793141C6AA5AB00F7B7AA = {
			isa = PBXGroup;
			children = (
				9557931F1C6AA5AB00F7B7AA /* EvolveSwift */,
				955793361C6AA5AB00F7B7AA /* EvolveSwiftTests */,
				955793411C6AA5AB00F7B7AA /* EvolveSwiftUITests */,
				9557931E1C6AA5AB00F7B7AA /* Products */,
			);
			sourceTree = "<group>";
		};
		9557931E1C6AA5AB00F7B7AA /* Products */ = {
			isa = PBXGroup;
			children = (
				9557931D1C6AA5AB00F7B7AA /* EvolveSwift.app */,
				955793331C6AA5AB00F7B7AA /* EvolveSwiftTests.xctest */,
				9557933E1C6AA5AB00F7B7AA /* EvolveSwiftUITests.xctest */,
			);
			name = Products;
			sourceTree = "<group>";
		};
		9557931F1C6AA5AB00F7B7AA /* EvolveSwift */ = {
			isa = PBXGroup;
			children = (
				9509E2AB1E60D0FD00CA941C /* EvolveSwift.entitlements */,
				955793201C6AA5AB00F7B7AA /* AppDelegate.swift */,
				955793221C6AA5AB00F7B7AA /* FirstViewController.swift */,
				9503B9871CA094DC00585081 /* HomePageController.swift */,
				9503B9891CA09C5A00585081 /* HomeViewController.swift */,
				955793261C6AA5AB00F7B7AA /* Main.storyboard */,
				9503B9A91CA5976F00585081 /* DimBackground.swift */,
				9503B9A71CA591A600585081 /* ModalViewController.swift */,
				955793241C6AA5AB00F7B7AA /* SecondViewController.swift */,
				955793291C6AA5AB00F7B7AA /* Assets.xcassets */,
				9557932B1C6AA5AB00F7B7AA /* LaunchScreen.storyboard */,
				9557932E1C6AA5AB00F7B7AA /* Info.plist */,
				955793541C6BC2C000F7B7AA /* Graphics */,
			);
			path = EvolveSwift;
			sourceTree = "<group>";
		};
		955793361C6AA5AB00F7B7AA /* EvolveSwiftTests */ = {
			isa = PBXGroup;
			children = (
				955793371C6AA5AB00F7B7AA /* EvolveSwiftTests.swift */,
				955793391C6AA5AB00F7B7AA /* Info.plist */,
			);
			path = EvolveSwiftTests;
			sourceTree = "<group>";
		};
		955793411C6AA5AB00F7B7AA /* EvolveSwiftUITests */ = {
			isa = PBXGroup;
			children = (
				955793421C6AA5AB00F7B7AA /* EvolveSwiftUITests.swift */,
				955793441C6AA5AB00F7B7AA /* Info.plist */,
			);
			path = EvolveSwiftUITests;
			sourceTree = "<group>";
		};
		955793541C6BC2C000F7B7AA /* Graphics */ = {
			isa = PBXGroup;
			children = (
				955793521C6BC2B400F7B7AA /* evolve2.tif */,
				9557935D1C6CE0B200F7B7AA /* loadImage4-01.png */,
				9503B99F1CA4376200585081 /* options-header.png */,
				9503B9831CA04B9B00585081 /* info2-01.png */,
				9502D7ED1CAB31A000F3ED3E /* ep_splash.png */,
				9503B9811CA04B9100585081 /* info1-01.png */,
				9503B9991CA434BD00585081 /* loadButtonImage-01.png */,
				9503B9A51CA4770300585081 /* playButtonImage-01.png */,
				9503B9A11CA437C000585081 /* options_header-01.png */,
				9503B99B1CA434C200585081 /* splitButtonImage.png */,
				9503B99D1CA434F600585081 /* startButtonImage-01.png */,
				9503B9971CA434B200585081 /* splitButtonImage-01.png */,
				955793631C96308000F7B7AA /* dna_logo.png */,
				955793611C72218300F7B7AA /* loadImage_EV-01.png */,
				955793551C6BC62900F7B7AA /* newPSU.png */,
			);
			name = Graphics;
			sourceTree = "<group>";
		};
/* End PBXGroup section */

/* Begin PBXNativeTarget section */
		9557931C1C6AA5AB00F7B7AA /* EvolveSwift */ = {
			isa = PBXNativeTarget;
			buildConfigurationList = 955793471C6AA5AB00F7B7AA /* Build configuration list for PBXNativeTarget "EvolveSwift" */;
			buildPhases = (
				955793191C6AA5AB00F7B7AA /* Sources */,
				9557931A1C6AA5AB00F7B7AA /* Frameworks */,
				9557931B1C6AA5AB00F7B7AA /* Resources */,
			);
			buildRules = (
			);
			dependencies = (
			);
			name = EvolveSwift;
			productName = EvolveSwift;
			productReference = 9557931D1C6AA5AB00F7B7AA /* EvolveSwift.app */;
			productType = "com.apple.product-type.application";
		};
		955793321C6AA5AB00F7B7AA /* EvolveSwiftTests */ = {
			isa = PBXNativeTarget;
			buildConfigurationList = 9557934A1C6AA5AB00F7B7AA /* Build configuration list for PBXNativeTarget "EvolveSwiftTests" */;
			buildPhases = (
				9557932F1C6AA5AB00F7B7AA /* Sources */,
				955793301C6AA5AB00F7B7AA /* Frameworks */,
				955793311C6AA5AB00F7B7AA /* Resources */,
			);
			buildRules = (
			);
			dependencies = (
				955793351C6AA5AB00F7B7AA /* PBXTargetDependency */,
			);
			name = EvolveSwiftTests;
			productName = EvolveSwiftTests;
			productReference = 955793331C6AA5AB00F7B7AA /* EvolveSwiftTests.xctest */;
			productType = "com.apple.product-type.bundle.unit-test";
		};
		9557933D1C6AA5AB00F7B7AA /* EvolveSwiftUITests */ = {
			isa = PBXNativeTarget;
			buildConfigurationList = 9557934D1C6AA5AB00F7B7AA /* Build configuration list for PBXNativeTarget "EvolveSwiftUITests" */;
			buildPhases = (
				9557933A1C6AA5AB00F7B7AA /* Sources */,
				9557933B1C6AA5AB00F7B7AA /* Frameworks */,
				9557933C1C6AA5AB00F7B7AA /* Resources */,
			);
			buildRules = (
			);
			dependencies = (
				955793401C6AA5AB00F7B7AA /* PBXTargetDependency */,
			);
			name = EvolveSwiftUITests;
			productName = EvolveSwiftUITests;
			productReference = 9557933E1C6AA5AB00F7B7AA /* EvolveSwiftUITests.xctest */;
			productType = "com.apple.product-type.bundle.ui-testing";
		};
/* End PBXNativeTarget section */

/* Begin PBXProject section */
		955793151C6AA5AB00F7B7AA /* Project object */ = {
			isa = PBXProject;
			attributes = {
				LastSwiftUpdateCheck = 0720;
				LastUpgradeCheck = 0720;
				ORGANIZATIONNAME = "Zach Fuller";
				TargetAttributes = {
					9557931C1C6AA5AB00F7B7AA = {
						CreatedOnToolsVersion = 7.2.1;
						DevelopmentTeam = BLJC8N6ASU;
						LastSwiftMigration = 0810;
						ProvisioningStyle = Automatic;
						SystemCapabilities = {
							com.apple.Keychain = {
								enabled = 0;
							};
						};
					};
					955793321C6AA5AB00F7B7AA = {
						CreatedOnToolsVersion = 7.2.1;
						DevelopmentTeam = HT3L87G843;
						LastSwiftMigration = 0810;
						TestTargetID = 9557931C1C6AA5AB00F7B7AA;
					};
					9557933D1C6AA5AB00F7B7AA = {
						CreatedOnToolsVersion = 7.2.1;
						DevelopmentTeam = HT3L87G843;
						LastSwiftMigration = 0810;
						TestTargetID = 9557931C1C6AA5AB00F7B7AA;
					};
				};
			};
			buildConfigurationList = 955793181C6AA5AB00F7B7AA /* Build configuration list for PBXProject "EvolveSwift" */;
			compatibilityVersion = "Xcode 3.2";
			developmentRegion = English;
			hasScannedForEncodings = 0;
			knownRegions = (
				en,
				Base,
			);
			mainGroup = 955793141C6AA5AB00F7B7AA;
			productRefGroup = 9557931E1C6AA5AB00F7B7AA /* Products */;
			projectDirPath = "";
			projectRoot = "";
			targets = (
				9557931C1C6AA5AB00F7B7AA /* EvolveSwift */,
				955793321C6AA5AB00F7B7AA /* EvolveSwiftTests */,
				9557933D1C6AA5AB00F7B7AA /* EvolveSwiftUITests */,
			);
		};
/* End PBXProject section */

/* Begin PBXResourcesBuildPhase section */
		9557931B1C6AA5AB00F7B7AA /* Resources */ = {
			isa = PBXResourcesBuildPhase;
			buildActionMask = 2147483647;
			files = (
				9503B99C1CA434C200585081 /* splitButtonImage.png in Resources */,
				9503B9821CA04B9100585081 /* info1-01.png in Resources */,
				955793561C6BC62900F7B7AA /* newPSU.png in Resources */,
				9503B99E1CA434F600585081 /* startButtonImage-01.png in Resources */,
				9503B99A1CA434BD00585081 /* loadButtonImage-01.png in Resources */,
				9502D7EE1CAB31A000F3ED3E /* ep_splash.png in Resources */,
				9557932D1C6AA5AB00F7B7AA /* LaunchScreen.storyboard in Resources */,
				9503B9841CA04B9B00585081 /* info2-01.png in Resources */,
				9503B9981CA434B200585081 /* splitButtonImage-01.png in Resources */,
				955793641C96308000F7B7AA /* dna_logo.png in Resources */,
				9503B9A01CA4376200585081 /* options-header.png in Resources */,
				9503B9A61CA4770300585081 /* playButtonImage-01.png in Resources */,
				9503B9A21CA437C000585081 /* options_header-01.png in Resources */,
				9557932A1C6AA5AB00F7B7AA /* Assets.xcassets in Resources */,
				955793621C72218300F7B7AA /* loadImage_EV-01.png in Resources */,
				9557935E1C6CE0B200F7B7AA /* loadImage4-01.png in Resources */,
				955793281C6AA5AB00F7B7AA /* Main.storyboard in Resources */,
				955793531C6BC2B400F7B7AA /* evolve2.tif in Resources */,
			);
			runOnlyForDeploymentPostprocessing = 0;
		};
		955793311C6AA5AB00F7B7AA /* Resources */ = {
			isa = PBXResourcesBuildPhase;
			buildActionMask = 2147483647;
			files = (
			);
			runOnlyForDeploymentPostprocessing = 0;
		};
		9557933C1C6AA5AB00F7B7AA /* Resources */ = {
			isa = PBXResourcesBuildPhase;
			buildActionMask = 2147483647;
			files = (
			);
			runOnlyForDeploymentPostprocessing = 0;
		};
/* End PBXResourcesBuildPhase section */

/* Begin PBXSourcesBuildPhase section */
		955793191C6AA5AB00F7B7AA /* Sources */ = {
			isa = PBXSourcesBuildPhase;
			buildActionMask = 2147483647;
			files = (
				955793251C6AA5AB00F7B7AA /* SecondViewController.swift in Sources */,
				9503B9881CA094DC00585081 /* HomePageController.swift in Sources */,
				955793211C6AA5AB00F7B7AA /* AppDelegate.swift in Sources */,
				955793231C6AA5AB00F7B7AA /* FirstViewController.swift in Sources */,
				9503B9A81CA591A600585081 /* ModalViewController.swift in Sources */,
				9503B98A1CA09C5A00585081 /* HomeViewController.swift in Sources */,
				9503B9AA1CA5976F00585081 /* DimBackground.swift in Sources */,
			);
			runOnlyForDeploymentPostprocessing = 0;
		};
		9557932F1C6AA5AB00F7B7AA /* Sources */ = {
			isa = PBXSourcesBuildPhase;
			buildActionMask = 2147483647;
			files = (
				955793381C6AA5AB00F7B7AA /* EvolveSwiftTests.swift in Sources */,
			);
			runOnlyForDeploymentPostprocessing = 0;
		};
		9557933A1C6AA5AB00F7B7AA /* Sources */ = {
			isa = PBXSourcesBuildPhase;
			buildActionMask = 2147483647;
			files = (
				955793431C6AA5AB00F7B7AA /* EvolveSwiftUITests.swift in Sources */,
			);
			runOnlyForDeploymentPostprocessing = 0;
		};
/* End PBXSourcesBuildPhase section */

/* Begin PBXTargetDependency section */
		955793351C6AA5AB00F7B7AA /* PBXTargetDependency */ = {
			isa = PBXTargetDependency;
			target = 9557931C1C6AA5AB00F7B7AA /* EvolveSwift */;
			targetProxy = 955793341C6AA5AB00F7B7AA /* PBXContainerItemProxy */;
		};
		955793401C6AA5AB00F7B7AA /* PBXTargetDependency */ = {
			isa = PBXTargetDependency;
			target = 9557931C1C6AA5AB00F7B7AA /* EvolveSwift */;
			targetProxy = 9557933F1C6AA5AB00F7B7AA /* PBXContainerItemProxy */;
		};
/* End PBXTargetDependency section */

/* Begin PBXVariantGroup section */
		955793261C6AA5AB00F7B7AA /* Main.storyboard */ = {
			isa = PBXVariantGroup;
			children = (
				955793271C6AA5AB00F7B7AA /* Base */,
			);
			name = Main.storyboard;
			sourceTree = "<group>";
		};
		9557932B1C6AA5AB00F7B7AA /* LaunchScreen.storyboard */ = {
			isa = PBXVariantGroup;
			children = (
				9557932C1C6AA5AB00F7B7AA /* Base */,
			);
			name = LaunchScreen.storyboard;
			sourceTree = "<group>";
		};
/* End PBXVariantGroup section */

/* Begin XCBuildConfiguration section */
		955793451C6AA5AB00F7B7AA /* Debug */ = {
			isa = XCBuildConfiguration;
			buildSettings = {
				ALWAYS_SEARCH_USER_PATHS = NO;
				CLANG_CXX_LANGUAGE_STANDARD = "gnu++0x";
				CLANG_CXX_LIBRARY = "libc++";
				CLANG_ENABLE_MODULES = YES;
				CLANG_ENABLE_OBJC_ARC = YES;
				CLANG_WARN_BOOL_CONVERSION = YES;
				CLANG_WARN_CONSTANT_CONVERSION = YES;
				CLANG_WARN_DIRECT_OBJC_ISA_USAGE = YES_ERROR;
				CLANG_WARN_EMPTY_BODY = YES;
				CLANG_WARN_ENUM_CONVERSION = YES;
				CLANG_WARN_INT_CONVERSION = YES;
				CLANG_WARN_OBJC_ROOT_CLASS = YES_ERROR;
				CLANG_WARN_UNREACHABLE_CODE = YES;
				CLANG_WARN__DUPLICATE_METHOD_MATCH = YES;
				"CODE_SIGN_IDENTITY[sdk=iphoneos*]" = "iPhone Developer";
				COPY_PHASE_STRIP = NO;
				DEBUG_INFORMATION_FORMAT = dwarf;
				ENABLE_STRICT_OBJC_MSGSEND = YES;
				ENABLE_TESTABILITY = YES;
				GCC_C_LANGUAGE_STANDARD = gnu99;
				GCC_DYNAMIC_NO_PIC = NO;
				GCC_NO_COMMON_BLOCKS = YES;
				GCC_OPTIMIZATION_LEVEL = 0;
				GCC_PREPROCESSOR_DEFINITIONS = (
					"DEBUG=1",
					"$(inherited)",
				);
				GCC_WARN_64_TO_32_BIT_CONVERSION = YES;
				GCC_WARN_ABOUT_RETURN_TYPE = YES_ERROR;
				GCC_WARN_UNDECLARED_SELECTOR = YES;
				GCC_WARN_UNINITIALIZED_AUTOS = YES_AGGRESSIVE;
				GCC_WARN_UNUSED_FUNCTION = YES;
				GCC_WARN_UNUSED_VARIABLE = YES;
				IPHONEOS_DEPLOYMENT_TARGET = 9.2;
				MTL_ENABLE_DEBUG_INFO = YES;
				ONLY_ACTIVE_ARCH = YES;
				SDKROOT = iphoneos;
				SWIFT_OPTIMIZATION_LEVEL = "-Onone";
				TARGETED_DEVICE_FAMILY = 2;
			};
			name = Debug;
		};
		955793461C6AA5AB00F7B7AA /* Release */ = {
			isa = XCBuildConfiguration;
			buildSettings = {
				ALWAYS_SEARCH_USER_PATHS = NO;
				CLANG_CXX_LANGUAGE_STANDARD = "gnu++0x";
				CLANG_CXX_LIBRARY = "libc++";
				CLANG_ENABLE_MODULES = YES;
				CLANG_ENABLE_OBJC_ARC = YES;
				CLANG_WARN_BOOL_CONVERSION = YES;
				CLANG_WARN_CONSTANT_CONVERSION = YES;
				CLANG_WARN_DIRECT_OBJC_ISA_USAGE = YES_ERROR;
				CLANG_WARN_EMPTY_BODY = YES;
				CLANG_WARN_ENUM_CONVERSION = YES;
				CLANG_WARN_INT_CONVERSION = YES;
				CLANG_WARN_OBJC_ROOT_CLASS = YES_ERROR;
				CLANG_WARN_UNREACHABLE_CODE = YES;
				CLANG_WARN__DUPLICATE_METHOD_MATCH = YES;
				"CODE_SIGN_IDENTITY[sdk=iphoneos*]" = "iPhone Developer";
				COPY_PHASE_STRIP = NO;
				DEBUG_INFORMATION_FORMAT = "dwarf-with-dsym";
				ENABLE_NS_ASSERTIONS = NO;
				ENABLE_STRICT_OBJC_MSGSEND = YES;
				GCC_C_LANGUAGE_STANDARD = gnu99;
				GCC_NO_COMMON_BLOCKS = YES;
				GCC_WARN_64_TO_32_BIT_CONVERSION = YES;
				GCC_WARN_ABOUT_RETURN_TYPE = YES_ERROR;
				GCC_WARN_UNDECLARED_SELECTOR = YES;
				GCC_WARN_UNINITIALIZED_AUTOS = YES_AGGRESSIVE;
				GCC_WARN_UNUSED_FUNCTION = YES;
				GCC_WARN_UNUSED_VARIABLE = YES;
				IPHONEOS_DEPLOYMENT_TARGET = 9.2;
				MTL_ENABLE_DEBUG_INFO = NO;
				SDKROOT = iphoneos;
				TARGETED_DEVICE_FAMILY = 2;
				VALIDATE_PRODUCT = YES;
			};
			name = Release;
		};
		955793481C6AA5AB00F7B7AA /* Debug */ = {
			isa = XCBuildConfiguration;
			buildSettings = {
				ASSETCATALOG_COMPILER_APPICON_NAME = AppIcon;
				CODE_SIGN_IDENTITY = "iPhone Developer";
				"CODE_SIGN_IDENTITY[sdk=iphoneos*]" = "iPhone Developer";
				DEVELOPMENT_TEAM = BLJC8N6ASU;
				INFOPLIST_FILE = EvolveSwift/Info.plist;
				LD_RUNPATH_SEARCH_PATHS = "$(inherited) @executable_path/Frameworks";
				PRODUCT_BUNDLE_IDENTIFIER = PennState.EvolveSwift2;
				PRODUCT_NAME = "$(TARGET_NAME)";
				PROVISIONING_PROFILE = "";
				SWIFT_VERSION = 3.0;
			};
			name = Debug;
		};
		955793491C6AA5AB00F7B7AA /* Release */ = {
			isa = XCBuildConfiguration;
			buildSettings = {
				ASSETCATALOG_COMPILER_APPICON_NAME = AppIcon;
				CODE_SIGN_IDENTITY = "iPhone Developer";
				"CODE_SIGN_IDENTITY[sdk=iphoneos*]" = "iPhone Developer";
				DEVELOPMENT_TEAM = BLJC8N6ASU;
				INFOPLIST_FILE = EvolveSwift/Info.plist;
				LD_RUNPATH_SEARCH_PATHS = "$(inherited) @executable_path/Frameworks";
				PRODUCT_BUNDLE_IDENTIFIER = PennState.EvolveSwift2;
				PRODUCT_NAME = "$(TARGET_NAME)";
				PROVISIONING_PROFILE = "";
				SWIFT_VERSION = 3.0;
			};
			name = Release;
		};
		9557934B1C6AA5AB00F7B7AA /* Debug */ = {
			isa = XCBuildConfiguration;
			buildSettings = {
				BUNDLE_LOADER = "$(TEST_HOST)";
				INFOPLIST_FILE = EvolveSwiftTests/Info.plist;
				LD_RUNPATH_SEARCH_PATHS = "$(inherited) @executable_path/Frameworks @loader_path/Frameworks";
				PRODUCT_BUNDLE_IDENTIFIER = PennState.EvolveSwiftTests;
				PRODUCT_NAME = "$(TARGET_NAME)";
				SWIFT_VERSION = 3.0;
				TEST_HOST = "$(BUILT_PRODUCTS_DIR)/EvolveSwift.app/EvolveSwift";
			};
			name = Debug;
		};
		9557934C1C6AA5AB00F7B7AA /* Release */ = {
			isa = XCBuildConfiguration;
			buildSettings = {
				BUNDLE_LOADER = "$(TEST_HOST)";
				INFOPLIST_FILE = EvolveSwiftTests/Info.plist;
				LD_RUNPATH_SEARCH_PATHS = "$(inherited) @executable_path/Frameworks @loader_path/Frameworks";
				PRODUCT_BUNDLE_IDENTIFIER = PennState.EvolveSwiftTests;
				PRODUCT_NAME = "$(TARGET_NAME)";
				SWIFT_VERSION = 3.0;
				TEST_HOST = "$(BUILT_PRODUCTS_DIR)/EvolveSwift.app/EvolveSwift";
			};
			name = Release;
		};
		9557934E1C6AA5AB00F7B7AA /* Debug */ = {
			isa = XCBuildConfiguration;
			buildSettings = {
				INFOPLIST_FILE = EvolveSwiftUITests/Info.plist;
				LD_RUNPATH_SEARCH_PATHS = "$(inherited) @executable_path/Frameworks @loader_path/Frameworks";
				PRODUCT_BUNDLE_IDENTIFIER = PennState.EvolveSwiftUITests;
				PRODUCT_NAME = "$(TARGET_NAME)";
				SWIFT_VERSION = 3.0;
				TEST_TARGET_NAME = EvolveSwift;
				USES_XCTRUNNER = YES;
			};
			name = Debug;
		};
		9557934F1C6AA5AB00F7B7AA /* Release */ = {
			isa = XCBuildConfiguration;
			buildSettings = {
				INFOPLIST_FILE = EvolveSwiftUITests/Info.plist;
				LD_RUNPATH_SEARCH_PATHS = "$(inherited) @executable_path/Frameworks @loader_path/Frameworks";
				PRODUCT_BUNDLE_IDENTIFIER = PennState.EvolveSwiftUITests;
				PRODUCT_NAME = "$(TARGET_NAME)";
				SWIFT_VERSION = 3.0;
				TEST_TARGET_NAME = EvolveSwift;
				USES_XCTRUNNER = YES;
			};
			name = Release;
		};
/* End XCBuildConfiguration section */

/* Begin XCConfigurationList section */
		955793181C6AA5AB00F7B7AA /* Build configuration list for PBXProject "EvolveSwift" */ = {
			isa = XCConfigurationList;
			buildConfigurations = (
				955793451C6AA5AB00F7B7AA /* Debug */,
				955793461C6AA5AB00F7B7AA /* Release */,
			);
			defaultConfigurationIsVisible = 0;
			defaultConfigurationName = Release;
		};
		955793471C6AA5AB00F7B7AA /* Build configuration list for PBXNativeTarget "EvolveSwift" */ = {
			isa = XCConfigurationList;
			buildConfigurations = (
				955793481C6AA5AB00F7B7AA /* Debug */,
				955793491C6AA5AB00F7B7AA /* Release */,
			);
			defaultConfigurationIsVisible = 0;
			defaultConfigurationName = Release;
		};
		9557934A1C6AA5AB00F7B7AA /* Build configuration list for PBXNativeTarget "EvolveSwiftTests" */ = {
			isa = XCConfigurationList;
			buildConfigurations = (
				9557934B1C6AA5AB00F7B7AA /* Debug */,
				9557934C1C6AA5AB00F7B7AA /* Release */,
			);
			defaultConfigurationIsVisible = 0;
			defaultConfigurationName = Release;
		};
		9557934D1C6AA5AB00F7B7AA /* Build configuration list for PBXNativeTarget "EvolveSwiftUITests" */ = {
			isa = XCConfigurationList;
			buildConfigurations = (
				9557934E1C6AA5AB00F7B7AA /* Debug */,
				9557934F1C6AA5AB00F7B7AA /* Release */,
			);
			defaultConfigurationIsVisible = 0;
			defaultConfigurationName = Release;
		};
/* End XCConfigurationList section */
	};
	rootObject = 955793151C6AA5AB00F7B7AA /* Project object */;
}
